
Microsoft Visual Studio Solution File, Format Version 12.00
# Visual Studio Version 17
VisualStudioVersion = 17.7.34024.191
MinimumVisualStudioVersion = 10.0.40219.1
Project("{9A19103F-16F7-4668-BE54-9A1E7A4F7556}") = "Medicamentos_API", "Medicamentos_API\Medicamentos_API.csproj", "{E25E28C5-3C69-4E3F-8424-EF70454CEF7D}"
EndProject
Project("{9A19103F-16F7-4668-BE54-9A1E7A4F7556}") = "Medicamentos_Web", "..\Medicamentos_Web\Medicamentos_Web.csproj", "{15038085-310D-40D4-8D79-393BE4F68191}"
EndProject
Global
	GlobalSection(SolutionConfigurationPlatforms) = preSolution
		Debug|Any CPU = Debug|Any CPU
		Release|Any CPU = Release|Any CPU
	EndGlobalSection
	GlobalSection(ProjectConfigurationPlatforms) = postSolution
		{E25E28C5-3C69-4E3F-8424-EF70454CEF7D}.Debug|Any CPU.ActiveCfg = Debug|Any CPU
		{E25E28C5-3C69-4E3F-8424-EF70454CEF7D}.Debug|Any CPU.Build.0 = Debug|Any CPU
		{E25E28C5-3C69-4E3F-8424-EF70454CEF7D}.Release|Any CPU.ActiveCfg = Release|Any CPU
		{E25E28C5-3C69-4E3F-8424-EF70454CEF7D}.Release|Any CPU.Build.0 = Release|Any CPU
		{15038085-310D-40D4-8D79-393BE4F68191}.Debug|Any CPU.ActiveCfg = Debug|Any CPU
		{15038085-310D-40D4-8D79-393BE4F68191}.Debug|Any CPU.Build.0 = Debug|Any CPU
		{15038085-310D-40D4-8D79-393BE4F68191}.Release|Any CPU.ActiveCfg = Release|Any CPU
		{15038085-310D-40D4-8D79-393BE4F68191}.Release|Any CPU.Build.0 = Release|Any CPU
	EndGlobalSection
	GlobalSection(SolutionProperties) = preSolution
		HideSolutionNode = FALSE
	EndGlobalSection
	GlobalSection(ExtensibilityGlobals) = postSolution
		SolutionGuid = {91A542CE-4BC3-4FB6-86F1-E0673EF1232B}
	EndGlobalSection
EndGlobal
